// !$*UTF8*$!
{
	archiveVersion = 1;
	classes = {
	};
	objectVersion = 46;
	objects = {

/* Begin PBXBuildFile section */
		4560D56C1F6361C900CF4E91 /* AppDelegate.swift in Sources */ = {isa = PBXBuildFile; fileRef = 4560D56B1F6361C900CF4E91 /* AppDelegate.swift */; };
		4560D56E1F6361C900CF4E91 /* LoadingViewController.swift in Sources */ = {isa = PBXBuildFile; fileRef = 4560D56D1F6361C900CF4E91 /* LoadingViewController.swift */; };
		4560D5711F6361CA00CF4E91 /* Main.storyboard in Resources */ = {isa = PBXBuildFile; fileRef = 4560D56F1F6361CA00CF4E91 /* Main.storyboard */; };
		4560D5731F6361CA00CF4E91 /* Assets.xcassets in Resources */ = {isa = PBXBuildFile; fileRef = 4560D5721F6361CA00CF4E91 /* Assets.xcassets */; };
		4560D5761F6361CA00CF4E91 /* LaunchScreen.storyboard in Resources */ = {isa = PBXBuildFile; fileRef = 4560D5741F6361CA00CF4E91 /* LaunchScreen.storyboard */; };
		4560D57E1F6369E400CF4E91 /* giphy.gif in Resources */ = {isa = PBXBuildFile; fileRef = 4560D57D1F6369E400CF4E91 /* giphy.gif */; };
		4560D5801F636E5B00CF4E91 /* HomeViewController.swift in Sources */ = {isa = PBXBuildFile; fileRef = 4560D57F1F636E5B00CF4E91 /* HomeViewController.swift */; };
		4560D5821F636EA900CF4E91 /* MakeWorkoutViewController.swift in Sources */ = {isa = PBXBuildFile; fileRef = 4560D5811F636EA900CF4E91 /* MakeWorkoutViewController.swift */; };
		4560D5841F6371D700CF4E91 /* WorkoutPreferencesViewController.swift in Sources */ = {isa = PBXBuildFile; fileRef = 4560D5831F6371D700CF4E91 /* WorkoutPreferencesViewController.swift */; };
		4560D5861F6371F900CF4E91 /* WorkoutPreferences2ViewController.swift in Sources */ = {isa = PBXBuildFile; fileRef = 4560D5851F6371F900CF4E91 /* WorkoutPreferences2ViewController.swift */; };
		4560D58A1F63726800CF4E91 /* WorkoutListViewController.swift in Sources */ = {isa = PBXBuildFile; fileRef = 4560D5891F63726800CF4E91 /* WorkoutListViewController.swift */; };
		4560D58C1F63728F00CF4E91 /* ExerciseViewController.swift in Sources */ = {isa = PBXBuildFile; fileRef = 4560D58B1F63728F00CF4E91 /* ExerciseViewController.swift */; };
		4560D58E1F6373B000CF4E91 /* WorkoutInProgressViewController.swift in Sources */ = {isa = PBXBuildFile; fileRef = 4560D58D1F6373B000CF4E91 /* WorkoutInProgressViewController.swift */; };
		4560D5901F6373C400CF4E91 /* PostWorkoutViewController.swift in Sources */ = {isa = PBXBuildFile; fileRef = 4560D58F1F6373C400CF4E91 /* PostWorkoutViewController.swift */; };
		4560D5921F63742200CF4E91 /* MyWorkoutsViewController.swift in Sources */ = {isa = PBXBuildFile; fileRef = 4560D5911F63742200CF4E91 /* MyWorkoutsViewController.swift */; };
		4560D5941F63743900CF4E91 /* ProfileViewController.swift in Sources */ = {isa = PBXBuildFile; fileRef = 4560D5931F63743900CF4E91 /* ProfileViewController.swift */; };
		4560D5961F63C23700CF4E91 /* iOSDevCenters+GIF.swift in Sources */ = {isa = PBXBuildFile; fileRef = 4560D5951F63C23700CF4E91 /* iOSDevCenters+GIF.swift */; };
		4560D5981F63CB7000CF4E91 /* situp.mp4 in Resources */ = {isa = PBXBuildFile; fileRef = 4560D5971F63CA8100CF4E91 /* situp.mp4 */; };
/* End PBXBuildFile section */

/* Begin PBXFileReference section */
		4560D5681F6361C900CF4E91 /* hackCMU.app */ = {isa = PBXFileReference; explicitFileType = wrapper.application; includeInIndex = 0; path = hackCMU.app; sourceTree = BUILT_PRODUCTS_DIR; };
		4560D56B1F6361C900CF4E91 /* AppDelegate.swift */ = {isa = PBXFileReference; lastKnownFileType = sourcecode.swift; path = AppDelegate.swift; sourceTree = "<group>"; };
		4560D56D1F6361C900CF4E91 /* LoadingViewController.swift */ = {isa = PBXFileReference; lastKnownFileType = sourcecode.swift; path = LoadingViewController.swift; sourceTree = "<group>"; };
		4560D5701F6361CA00CF4E91 /* Base */ = {isa = PBXFileReference; lastKnownFileType = file.storyboard; name = Base; path = Base.lproj/Main.storyboard; sourceTree = "<group>"; };
		4560D5721F6361CA00CF4E91 /* Assets.xcassets */ = {isa = PBXFileReference; lastKnownFileType = folder.assetcatalog; path = Assets.xcassets; sourceTree = "<group>"; };
		4560D5751F6361CA00CF4E91 /* Base */ = {isa = PBXFileReference; lastKnownFileType = file.storyboard; name = Base; path = Base.lproj/LaunchScreen.storyboard; sourceTree = "<group>"; };
		4560D5771F6361CA00CF4E91 /* Info.plist */ = {isa = PBXFileReference; lastKnownFileType = text.plist.xml; path = Info.plist; sourceTree = "<group>"; };
		4560D57D1F6369E400CF4E91 /* giphy.gif */ = {isa = PBXFileReference; lastKnownFileType = image.gif; path = giphy.gif; sourceTree = "<group>"; };
		4560D57F1F636E5B00CF4E91 /* HomeViewController.swift */ = {isa = PBXFileReference; fileEncoding = 4; lastKnownFileType = sourcecode.swift; path = HomeViewController.swift; sourceTree = "<group>"; };
		4560D5811F636EA900CF4E91 /* MakeWorkoutViewController.swift */ = {isa = PBXFileReference; fileEncoding = 4; lastKnownFileType = sourcecode.swift; path = MakeWorkoutViewController.swift; sourceTree = "<group>"; };
		4560D5831F6371D700CF4E91 /* WorkoutPreferencesViewController.swift */ = {isa = PBXFileReference; fileEncoding = 4; lastKnownFileType = sourcecode.swift; path = WorkoutPreferencesViewController.swift; sourceTree = "<group>"; };
		4560D5851F6371F900CF4E91 /* WorkoutPreferences2ViewController.swift */ = {isa = PBXFileReference; fileEncoding = 4; lastKnownFileType = sourcecode.swift; path = WorkoutPreferences2ViewController.swift; sourceTree = "<group>"; };
		4560D5891F63726800CF4E91 /* WorkoutListViewController.swift */ = {isa = PBXFileReference; fileEncoding = 4; lastKnownFileType = sourcecode.swift; name = WorkoutListViewController.swift; path = ../WorkoutListViewController.swift; sourceTree = "<group>"; };
		4560D58B1F63728F00CF4E91 /* ExerciseViewController.swift */ = {isa = PBXFileReference; fileEncoding = 4; lastKnownFileType = sourcecode.swift; path = ExerciseViewController.swift; sourceTree = "<group>"; };
		4560D58D1F6373B000CF4E91 /* WorkoutInProgressViewController.swift */ = {isa = PBXFileReference; fileEncoding = 4; lastKnownFileType = sourcecode.swift; path = WorkoutInProgressViewController.swift; sourceTree = "<group>"; };
		4560D58F1F6373C400CF4E91 /* PostWorkoutViewController.swift */ = {isa = PBXFileReference; fileEncoding = 4; lastKnownFileType = sourcecode.swift; path = PostWorkoutViewController.swift; sourceTree = "<group>"; };
		4560D5911F63742200CF4E91 /* MyWorkoutsViewController.swift */ = {isa = PBXFileReference; fileEncoding = 4; lastKnownFileType = sourcecode.swift; path = MyWorkoutsViewController.swift; sourceTree = "<group>"; };
		4560D5931F63743900CF4E91 /* ProfileViewController.swift */ = {isa = PBXFileReference; fileEncoding = 4; lastKnownFileType = sourcecode.swift; path = ProfileViewController.swift; sourceTree = "<group>"; };
		4560D5951F63C23700CF4E91 /* iOSDevCenters+GIF.swift */ = {isa = PBXFileReference; fileEncoding = 4; lastKnownFileType = sourcecode.swift; path = "iOSDevCenters+GIF.swift"; sourceTree = "<group>"; };
		4560D5971F63CA8100CF4E91 /* situp.mp4 */ = {isa = PBXFileReference; lastKnownFileType = file; path = situp.mp4; sourceTree = "<group>"; };
/* End PBXFileReference section */

/* Begin PBXFrameworksBuildPhase section */
		4560D5651F6361C900CF4E91 /* Frameworks */ = {
			isa = PBXFrameworksBuildPhase;
			buildActionMask = 2147483647;
			files = (
			);
			runOnlyForDeploymentPostprocessing = 0;
		};
/* End PBXFrameworksBuildPhase section */

/* Begin PBXGroup section */
		4560D55F1F6361C900CF4E91 = {
			isa = PBXGroup;
			children = (
				4560D56A1F6361C900CF4E91 /* hackCMU */,
				4560D5691F6361C900CF4E91 /* Products */,
			);
			sourceTree = "<group>";
		};
		4560D5691F6361C900CF4E91 /* Products */ = {
			isa = PBXGroup;
			children = (
				4560D5681F6361C900CF4E91 /* hackCMU.app */,
			);
			name = Products;
			sourceTree = "<group>";
		};
		4560D56A1F6361C900CF4E91 /* hackCMU */ = {
			isa = PBXGroup;
			children = (
				4560D56B1F6361C900CF4E91 /* AppDelegate.swift */,
				4560D5951F63C23700CF4E91 /* iOSDevCenters+GIF.swift */,
				4560D56D1F6361C900CF4E91 /* LoadingViewController.swift */,
				4560D57F1F636E5B00CF4E91 /* HomeViewController.swift */,
				4560D5811F636EA900CF4E91 /* MakeWorkoutViewController.swift */,
				4560D5831F6371D700CF4E91 /* WorkoutPreferencesViewController.swift */,
				4560D5851F6371F900CF4E91 /* WorkoutPreferences2ViewController.swift */,
				4560D5891F63726800CF4E91 /* WorkoutListViewController.swift */,
				4560D58B1F63728F00CF4E91 /* ExerciseViewController.swift */,
				4560D58D1F6373B000CF4E91 /* WorkoutInProgressViewController.swift */,
				4560D58F1F6373C400CF4E91 /* PostWorkoutViewController.swift */,
				4560D56F1F6361CA00CF4E91 /* Main.storyboard */,
				4560D5931F63743900CF4E91 /* ProfileViewController.swift */,
				4560D5911F63742200CF4E91 /* MyWorkoutsViewController.swift */,
				4560D5971F63CA8100CF4E91 /* situp.mp4 */,
				4560D5721F6361CA00CF4E91 /* Assets.xcassets */,
				4560D57D1F6369E400CF4E91 /* giphy.gif */,
				4560D5741F6361CA00CF4E91 /* LaunchScreen.storyboard */,
				4560D5771F6361CA00CF4E91 /* Info.plist */,
			);
			path = hackCMU;
			sourceTree = "<group>";
		};
/* End PBXGroup section */

/* Begin PBXNativeTarget section */
		4560D5671F6361C900CF4E91 /* hackCMU */ = {
			isa = PBXNativeTarget;
			buildConfigurationList = 4560D57A1F6361CA00CF4E91 /* Build configuration list for PBXNativeTarget "hackCMU" */;
			buildPhases = (
				4560D5641F6361C900CF4E91 /* Sources */,
				4560D5651F6361C900CF4E91 /* Frameworks */,
				4560D5661F6361C900CF4E91 /* Resources */,
			);
			buildRules = (
			);
			dependencies = (
			);
			name = hackCMU;
			productName = hackCMU;
			productReference = 4560D5681F6361C900CF4E91 /* hackCMU.app */;
			productType = "com.apple.product-type.application";
		};
/* End PBXNativeTarget section */

/* Begin PBXProject section */
		4560D5601F6361C900CF4E91 /* Project object */ = {
			isa = PBXProject;
			attributes = {
				LastSwiftUpdateCheck = 0830;
				LastUpgradeCheck = 0830;
				TargetAttributes = {
					4560D5671F6361C900CF4E91 = {
						CreatedOnToolsVersion = 8.3.2;
						DevelopmentTeam = SAR5GQ633N;
						ProvisioningStyle = Automatic;
					};
				};
			};
			buildConfigurationList = 4560D5631F6361C900CF4E91 /* Build configuration list for PBXProject "hackCMU" */;
			compatibilityVersion = "Xcode 3.2";
			developmentRegion = English;
			hasScannedForEncodings = 0;
			knownRegions = (
				en,
				Base,
			);
			mainGroup = 4560D55F1F6361C900CF4E91;
			productRefGroup = 4560D5691F6361C900CF4E91 /* Products */;
			projectDirPath = "";
			projectRoot = "";
			targets = (
				4560D5671F6361C900CF4E91 /* hackCMU */,
			);
		};
/* End PBXProject section */

/* Begin PBXResourcesBuildPhase section */
		4560D5661F6361C900CF4E91 /* Resources */ = {
			isa = PBXResourcesBuildPhase;
			buildActionMask = 2147483647;
			files = (
				4560D5761F6361CA00CF4E91 /* LaunchScreen.storyboard in Resources */,
				4560D5731F6361CA00CF4E91 /* Assets.xcassets in Resources */,
				4560D57E1F6369E400CF4E91 /* giphy.gif in Resources */,
				4560D5981F63CB7000CF4E91 /* situp.mp4 in Resources */,
				4560D5711F6361CA00CF4E91 /* Main.storyboard in Resources */,
			);
			runOnlyForDeploymentPostprocessing = 0;
		};
/* End PBXResourcesBuildPhase section */

/* Begin PBXSourcesBuildPhase section */
		4560D5641F6361C900CF4E91 /* Sources */ = {
			isa = PBXSourcesBuildPhase;
			buildActionMask = 2147483647;
			files = (
				4560D5901F6373C400CF4E91 /* PostWorkoutViewController.swift in Sources */,
				4560D56E1F6361C900CF4E91 /* LoadingViewController.swift in Sources */,
				4560D58A1F63726800CF4E91 /* WorkoutListViewController.swift in Sources */,
				4560D56C1F6361C900CF4E91 /* AppDelegate.swift in Sources */,
				4560D5861F6371F900CF4E91 /* WorkoutPreferences2ViewController.swift in Sources */,
				4560D5961F63C23700CF4E91 /* iOSDevCenters+GIF.swift in Sources */,
				4560D5921F63742200CF4E91 /* MyWorkoutsViewController.swift in Sources */,
				4560D5941F63743900CF4E91 /* ProfileViewController.swift in Sources */,
				4560D5821F636EA900CF4E91 /* MakeWorkoutViewController.swift in Sources */,
				4560D5801F636E5B00CF4E91 /* HomeViewController.swift in Sources */,
				4560D58C1F63728F00CF4E91 /* ExerciseViewController.swift in Sources */,
				4560D58E1F6373B000CF4E91 /* WorkoutInProgressViewController.swift in Sources */,
				4560D5841F6371D700CF4E91 /* WorkoutPreferencesViewController.swift in Sources */,
			);
			runOnlyForDeploymentPostprocessing = 0;
		};
/* End PBXSourcesBuildPhase section */

/* Begin PBXVariantGroup section */
		4560D56F1F6361CA00CF4E91 /* Main.storyboard */ = {
			isa = PBXVariantGroup;
			children = (
				4560D5701F6361CA00CF4E91 /* Base */,
			);
			name = Main.storyboard;
			sourceTree = "<group>";
		};
		4560D5741F6361CA00CF4E91 /* LaunchScreen.storyboard */ = {
			isa = PBXVariantGroup;
			children = (
				4560D5751F6361CA00CF4E91 /* Base */,
			);
			name = LaunchScreen.storyboard;
			sourceTree = "<group>";
		};
/* End PBXVariantGroup section */

/* Begin XCBuildConfiguration section */
		4560D5781F6361CA00CF4E91 /* Debug */ = {
			isa = XCBuildConfiguration;
			buildSettings = {
				ALWAYS_SEARCH_USER_PATHS = NO;
				CLANG_ANALYZER_NONNULL = YES;
				CLANG_ANALYZER_NUMBER_OBJECT_CONVERSION = YES_AGGRESSIVE;
				CLANG_CXX_LANGUAGE_STANDARD = "gnu++0x";
				CLANG_CXX_LIBRARY = "libc++";
				CLANG_ENABLE_MODULES = YES;
				CLANG_ENABLE_OBJC_ARC = YES;
				CLANG_WARN_BOOL_CONVERSION = YES;
				CLANG_WARN_CONSTANT_CONVERSION = YES;
				CLANG_WARN_DIRECT_OBJC_ISA_USAGE = YES_ERROR;
				CLANG_WARN_DOCUMENTATION_COMMENTS = YES;
				CLANG_WARN_EMPTY_BODY = YES;
				CLANG_WARN_ENUM_CONVERSION = YES;
				CLANG_WARN_INFINITE_RECURSION = YES;
				CLANG_WARN_INT_CONVERSION = YES;
				CLANG_WARN_OBJC_ROOT_CLASS = YES_ERROR;
				CLANG_WARN_SUSPICIOUS_MOVE = YES;
				CLANG_WARN_UNREACHABLE_CODE = YES;
				CLANG_WARN__DUPLICATE_METHOD_MATCH = YES;
				"CODE_SIGN_IDENTITY[sdk=iphoneos*]" = "iPhone Developer";
				COPY_PHASE_STRIP = NO;
				DEBUG_INFORMATION_FORMAT = dwarf;
				ENABLE_STRICT_OBJC_MSGSEND = YES;
				ENABLE_TESTABILITY = YES;
				GCC_C_LANGUAGE_STANDARD = gnu99;
				GCC_DYNAMIC_NO_PIC = NO;
				GCC_NO_COMMON_BLOCKS = YES;
				GCC_OPTIMIZATION_LEVEL = 0;
				GCC_PREPROCESSOR_DEFINITIONS = (
					"DEBUG=1",
					"$(inherited)",
				);
				GCC_WARN_64_TO_32_BIT_CONVERSION = YES;
				GCC_WARN_ABOUT_RETURN_TYPE = YES_ERROR;
				GCC_WARN_UNDECLARED_SELECTOR = YES;
				GCC_WARN_UNINITIALIZED_AUTOS = YES_AGGRESSIVE;
				GCC_WARN_UNUSED_FUNCTION = YES;
				GCC_WARN_UNUSED_VARIABLE = YES;
				IPHONEOS_DEPLOYMENT_TARGET = 10.3;
				MTL_ENABLE_DEBUG_INFO = YES;
				ONLY_ACTIVE_ARCH = YES;
				SDKROOT = iphoneos;
				SWIFT_ACTIVE_COMPILATION_CONDITIONS = DEBUG;
				SWIFT_OPTIMIZATION_LEVEL = "-Onone";
				TARGETED_DEVICE_FAMILY = "1,2";
			};
			name = Debug;
		};
		4560D5791F6361CA00CF4E91 /* Release */ = {
			isa = XCBuildConfiguration;
			buildSettings = {
				ALWAYS_SEARCH_USER_PATHS = NO;
				CLANG_ANALYZER_NONNULL = YES;
				CLANG_ANALYZER_NUMBER_OBJECT_CONVERSION = YES_AGGRESSIVE;
				CLANG_CXX_LANGUAGE_STANDARD = "gnu++0x";
				CLANG_CXX_LIBRARY = "libc++";
				CLANG_ENABLE_MODULES = YES;
				CLANG_ENABLE_OBJC_ARC = YES;
				CLANG_WARN_BOOL_CONVERSION = YES;
				CLANG_WARN_CONSTANT_CONVERSION = YES;
				CLANG_WARN_DIRECT_OBJC_ISA_USAGE = YES_ERROR;
				CLANG_WARN_DOCUMENTATION_COMMENTS = YES;
				CLANG_WARN_EMPTY_BODY = YES;
				CLANG_WARN_ENUM_CONVERSION = YES;
				CLANG_WARN_INFINITE_RECURSION = YES;
				CLANG_WARN_INT_CONVERSION = YES;
				CLANG_WARN_OBJC_ROOT_CLASS = YES_ERROR;
				CLANG_WARN_SUSPICIOUS_MOVE = YES;
				CLANG_WARN_UNREACHABLE_CODE = YES;
				CLANG_WARN__DUPLICATE_METHOD_MATCH = YES;
				"CODE_SIGN_IDENTITY[sdk=iphoneos*]" = "iPhone Developer";
				COPY_PHASE_STRIP = NO;
				DEBUG_INFORMATION_FORMAT = "dwarf-with-dsym";
				ENABLE_NS_ASSERTIONS = NO;
				ENABLE_STRICT_OBJC_MSGSEND = YES;
				GCC_C_LANGUAGE_STANDARD = gnu99;
				GCC_NO_COMMON_BLOCKS = YES;
				GCC_WARN_64_TO_32_BIT_CONVERSION = YES;
				GCC_WARN_ABOUT_RETURN_TYPE = YES_ERROR;
				GCC_WARN_UNDECLARED_SELECTOR = YES;
				GCC_WARN_UNINITIALIZED_AUTOS = YES_AGGRESSIVE;
				GCC_WARN_UNUSED_FUNCTION = YES;
				GCC_WARN_UNUSED_VARIABLE = YES;
				IPHONEOS_DEPLOYMENT_TARGET = 10.3;
				MTL_ENABLE_DEBUG_INFO = NO;
				SDKROOT = iphoneos;
				SWIFT_OPTIMIZATION_LEVEL = "-Owholemodule";
				TARGETED_DEVICE_FAMILY = "1,2";
				VALIDATE_PRODUCT = YES;
			};
			name = Release;
		};
		4560D57B1F6361CA00CF4E91 /* Debug */ = {
			isa = XCBuildConfiguration;
			buildSettings = {
				ASSETCATALOG_COMPILER_APPICON_NAME = AppIcon;
				DEVELOPMENT_TEAM = SAR5GQ633N;
				INFOPLIST_FILE = hackCMU/Info.plist;
				LD_RUNPATH_SEARCH_PATHS = "$(inherited) @executable_path/Frameworks";
				PRODUCT_BUNDLE_IDENTIFIER = com.mkc.hackCMU;
				PRODUCT_NAME = "$(TARGET_NAME)";
				SWIFT_VERSION = 3.0;
			};
			name = Debug;
		};
		4560D57C1F6361CA00CF4E91 /* Release */ = {
			isa = XCBuildConfiguration;
			buildSettings = {
				ASSETCATALOG_COMPILER_APPICON_NAME = AppIcon;
				DEVELOPMENT_TEAM = SAR5GQ633N;
				INFOPLIST_FILE = hackCMU/Info.plist;
				LD_RUNPATH_SEARCH_PATHS = "$(inherited) @executable_path/Frameworks";
				PRODUCT_BUNDLE_IDENTIFIER = com.mkc.hackCMU;
				PRODUCT_NAME = "$(TARGET_NAME)";
				SWIFT_VERSION = 3.0;
			};
			name = Release;
		};
/* End XCBuildConfiguration section */

/* Begin XCConfigurationList section */
		4560D5631F6361C900CF4E91 /* Build configuration list for PBXProject "hackCMU" */ = {
			isa = XCConfigurationList;
			buildConfigurations = (
				4560D5781F6361CA00CF4E91 /* Debug */,
				4560D5791F6361CA00CF4E91 /* Release */,
			);
			defaultConfigurationIsVisible = 0;
			defaultConfigurationName = Release;
		};
		4560D57A1F6361CA00CF4E91 /* Build configuration list for PBXNativeTarget "hackCMU" */ = {
			isa = XCConfigurationList;
			buildConfigurations = (
				4560D57B1F6361CA00CF4E91 /* Debug */,
				4560D57C1F6361CA00CF4E91 /* Release */,
			);
			defaultConfigurationIsVisible = 0;
		};
/* End XCConfigurationList section */
	};
	rootObject = 4560D5601F6361C900CF4E91 /* Project object */;
}
